
Microsoft Visual Studio Solution File, Format Version 12.00
# Visual Studio 15
VisualStudioVersion = 15.0.27703.2042
MinimumVisualStudioVersion = 10.0.40219.1
Project("{FAE04EC0-301F-11D3-BF4B-00C04F79EFBC}") = "emailApp", "emailApp\emailApp.csproj", "{013F4085-F8DF-490F-BF9A-7C322FE6CF29}"
EndProject
Global
	GlobalSection(SolutionConfigurationPlatforms) = preSolution
		Debug|Any CPU = Debug|Any CPU
		Release|Any CPU = Release|Any CPU
	EndGlobalSection
	GlobalSection(ProjectConfigurationPlatforms) = postSolution
		{013F4085-F8DF-490F-BF9A-7C322FE6CF29}.Debug|Any CPU.ActiveCfg = Debug|Any CPU
		{013F4085-F8DF-490F-BF9A-7C322FE6CF29}.Debug|Any CPU.Build.0 = Debug|Any CPU
		{013F4085-F8DF-490F-BF9A-7C322FE6CF29}.Release|Any CPU.ActiveCfg = Release|Any CPU
		{013F4085-F8DF-490F-BF9A-7C322FE6CF29}.Release|Any CPU.Build.0 = Release|Any CPU
	EndGlobalSection
	GlobalSection(SolutionProperties) = preSolution
		HideSolutionNode = FALSE
	EndGlobalSection
	GlobalSection(ExtensibilityGlobals) = postSolution
		SolutionGuid = {3F89CA0C-7C2C-4528-BF1C-7B03AA95DB82}
	EndGlobalSection
EndGlobal
